{"name":"demo-ai-context-noise-repo","lockfileVersion":3,"requires":true,"packages":{"":{"name":"demo-ai-context-noise-repo","version":"0.0.0","dependencies":{"@demo/client":"1.0.0"}},"node_modules/@demo/package-0":{"version":"1.0.0","resolved":"https://registry.npmjs.org/@demo/package-0/-/package-0-1.0.0.tgz","integrity":"sha512-demo0000contextdoctorfixture","license":"MIT"},"node_modules/@demo/package-1":{"version":"1.1.1","resolved":"https://registry.npmjs.org/@demo/package-1/-/package-1-1.1.1.tgz","integrity":"sha512-demo0001contextdoctorfixture","license":"MIT"},"node_modules/@demo/package-2":{"version":"1.2.2","resolved":"https://registry.npmjs.org/@demo/package-2/-/package-2-1.2.2.tgz","integrity":"sha512-demo0002contextdoctorfixture","license":"MIT"},"node_modules/@demo/package-3":{"version":"1.3.3","resolved":"https://registry.npmjs.org/@demo/package-3/-/package-3-1.3.3.tgz","integrity":"sha512-demo0003contextdoctorfixture","license":"MIT"},"node_modules/@demo/package-4":{"version":"1.4.4","resolved":"https://registry.npmjs.org/@demo/package-4/-/package-4-1.4.4.tgz","integrity":"sha512-demo0004contextdoctorfixture","license":"MIT"},"node_modules/@demo/package-5":{"version":"1.5.5","resolved":"https://registry.npmjs.org/@demo/package-5/-/package-5-1.5.5.tgz","integrity":"sha512-demo0005contextdoctorfixture","license":"MIT"},"node_modules/@demo/package-6":{"version":"1.6.6","resolved":"https://registry.npmjs.org/@demo/package-6/-/package-6-1.6.6.tgz","integrity":"sha512-demo0006contextdoctorfixture","license":"MIT"},"node_modules/@demo/package-7":{"version":"1.7.0","resolved":"https://registry.npmjs.org/@demo/package-7/-/package-7-1.7.0.tgz","integrity":"sha512-demo0007contextdoctorfixture","license":"MIT"},"node_modules/@demo/package-8":{"version":"1.8.1","resolved":"https://registry.npmjs.org/@demo/package-8/-/package-8-1.8.1.tgz","integrity":"sha512-demo0008contextdoctorfixture","license":"MIT"},"node_modules/@demo/package-9":{"version":"1.9.2","resolved":"https://registry.npmjs.org/@demo/package-9/-/package-9-1.9.2.tgz","integrity":"sha512-demo0009contextdoctorfixture","license":"MIT"},"node_modules/@demo/package-10":{"version":"1.0.3","resolved":"https://registry.npmjs.org/@demo/package-10/-/package-10-1.0.3.tgz","integrity":"sha512-demo0010contextdoctorfixture","license":"MIT"},"node_modules/@demo/package-11":{"version":"1.1.4","resolved":"https://registry.npmjs.org/@demo/package-11/-/package-11-1.1.4.tgz","integrity":"sha512-demo0011contextdoctorfixture","license":"MIT"},"node_modules/@demo/package-12":{"version":"1.2.5","resolved":"https://registry.npmjs.org/@demo/package-12/-/package-12-1.2.5.tgz","integrity":"sha512-demo0012contextdoctorfixture","license":"MIT"},"node_modules/@demo/package-13":{"version":"1.3.6","resolved":"https://registry.npmjs.org/@demo/package-13/-/package-13-1.3.6.tgz","integrity":"sha512-demo0013contextdoctorfixture","license":"MIT"},"node_modules/@demo/package-14":{"version":"1.4.0","resolved":"https://registry.npmjs.org/@demo/package-14/-/package-14-1.4.0.tgz","integrity":"sha512-demo0014contextdoctorfixture","license":"MIT"},"node_modules/@demo/package-15":{"version":"1.5.1","resolved":"https://registry.npmjs.org/@demo/package-15/-/package-15-1.5.1.tgz","integrity":"sha512-demo0015contextdoctorfixture","license":"MIT"},"node_modules/@demo/package-16":{"version":"1.6.2","resolved":"https://registry.npmjs.org/@demo/package-16/-/package-16-1.6.2.tgz","integrity":"sha512-demo0016contextdoctorfixture","license":"MIT"},"node_modules/@demo/package-17":{"version":"1.7.3","resolved":"https://registry.npmjs.org/@demo/package-17/-/package-17-1.7.3.tgz","integrity":"sha512-demo0017contextdoctorfixture","license":"MIT"},"node_modules/@demo/package-18":{"version":"1.8.4","resolved":"https://registry.npmjs.org/@demo/package-18/-/package-18-1.8.4.tgz","integrity":"sha512-demo0018contextdoctorfixture","license":"MIT"},"node_modules/@demo/package-19":{"version":"1.9.5","resolved":"https://registry.npmjs.org/@demo/package-19/-/package-19-1.9.5.tgz","integrity":"sha512-demo0019contextdoctorfixture","license":"MIT"},"node_modules/@demo/package-20":{"version":"1.0.6","resolved":"https://registry.npmjs.org/@demo/package-20/-/package-20-1.0.6.tgz","integrity":"sha512-demo0020contextdoctorfixture","license":"MIT"},"node_modules/@demo/package-21":{"version":"1.1.0","resolved":"https://registry.npmjs.org/@demo/package-21/-/package-21-1.1.0.tgz","integrity":"sha512-demo0021contextdoctorfixture","license":"MIT"},"node_modules/@demo/package-22":{"version":"1.2.1","resolved":"https://registry.npmjs.org/@demo/package-22/-/package-22-1.2.1.tgz","integrity":"sha512-demo0022contextdoctorfixture","license":"MIT"},"node_modules/@demo/package-23":{"version":"1.3.2","resolved":"https://registry.npmjs.org/@demo/package-23/-/package-23-1.3.2.tgz","integrity":"sha512-demo0023contextdoctorfixture","license":"MIT"},"node_modules/@demo/package-24":{"version":"1.4.3","resolved":"https://registry.npmjs.org/@demo/package-24/-/package-24-1.4.3.tgz","integrity":"sha512-demo0024contextdoctorfixture","license":"MIT"},"node_modules/@demo/package-25":{"version":"1.5.4","resolved":"https://registry.npmjs.org/@demo/package-25/-/package-25-1.5.4.tgz","integrity":"sha512-demo0025contextdoctorfixture","license":"MIT"},"node_modules/@demo/package-26":{"version":"1.6.5","resolved":"https://registry.npmjs.org/@demo/package-26/-/package-26-1.6.5.tgz","integrity":"sha512-demo0026contextdoctorfixture","license":"MIT"},"node_modules/@demo/package-27":{"version":"1.7.6","resolved":"https://registry.npmjs.org/@demo/package-27/-/package-27-1.7.6.tgz","integrity":"sha512-demo0027contextdoctorfixture","license":"MIT"},"node_modules/@demo/package-28":{"version":"1.8.0","resolved":"https://registry.npmjs.org/@demo/package-28/-/package-28-1.8.0.tgz","integrity":"sha512-demo0028contextdoctorfixture","license":"MIT"},"node_modules/@demo/package-29":{"version":"1.9.1","resolved":"https://registry.npmjs.org/@demo/package-29/-/package-29-1.9.1.tgz","integrity":"sha512-demo0029contextdoctorfixture","license":"MIT"},"node_modules/@demo/package-30":{"version":"1.0.2","resolved":"https://registry.npmjs.org/@demo/package-30/-/package-30-1.0.2.tgz","integrity":"sha512-demo0030contextdoctorfixture","license":"MIT"},"node_modules/@demo/package-31":{"version":"1.1.3","resolved":"https://registry.npmjs.org/@demo/package-31/-/package-31-1.1.3.tgz","integrity":"sha512-demo0031contextdoctorfixture","license":"MIT"},"node_modules/@demo/package-32":{"version":"1.2.4","resolved":"https://registry.npmjs.org/@demo/package-32/-/package-32-1.2.4.tgz","integrity":"sha512-demo0032contextdoctorfixture","license":"MIT"},"node_modules/@demo/package-33":{"version":"1.3.5","resolved":"https://registry.npmjs.org/@demo/package-33/-/package-33-1.3.5.tgz","integrity":"sha512-demo0033contextdoctorfixture","license":"MIT"},"node_modules/@demo/package-34":{"version":"1.4.6","resolved":"https://registry.npmjs.org/@demo/package-34/-/package-34-1.4.6.tgz","integrity":"sha512-demo0034contextdoctorfixture","license":"MIT"},"node_modules/@demo/package-35":{"version":"1.5.0","resolved":"https://registry.npmjs.org/@demo/package-35/-/package-35-1.5.0.tgz","integrity":"sha512-demo0035contextdoctorfixture","license":"MIT"},"node_modules/@demo/package-36":{"version":"1.6.1","resolved":"https://registry.npmjs.org/@demo/package-36/-/package-36-1.6.1.tgz","integrity":"sha512-demo0036contextdoctorfixture","license":"MIT"},"node_modules/@demo/package-37":{"version":"1.7.2","resolved":"https://registry.npmjs.org/@demo/package-37/-/package-37-1.7.2.tgz","integrity":"sha512-demo0037contextdoctorfixture","license":"MIT"},"node_modules/@demo/package-38":{"version":"1.8.3","resolved":"https://registry.npmjs.org/@demo/package-38/-/package-38-1.8.3.tgz","integrity":"sha512-demo0038contextdoctorfixture","license":"MIT"},"node_modules/@demo/package-39":{"version":"1.9.4","resolved":"https://registry.npmjs.org/@demo/package-39/-/package-39-1.9.4.tgz","integrity":"sha512-demo0039contextdoctorfixture","license":"MIT"},"node_modules/@demo/package-40":{"version":"1.0.5","resolved":"https://registry.npmjs.org/@demo/package-40/-/package-40-1.0.5.tgz","integrity":"sha512-demo0040contextdoctorfixture","license":"MIT"},"node_modules/@demo/package-41":{"version":"1.1.6","resolved":"https://registry.npmjs.org/@demo/package-41/-/package-41-1.1.6.tgz","integrity":"sha512-demo0041contextdoctorfixture","license":"MIT"},"node_modules/@demo/package-42":{"version":"1.2.0","resolved":"https://registry.npmjs.org/@demo/package-42/-/package-42-1.2.0.tgz","integrity":"sha512-demo0042contextdoctorfixture","license":"MIT"},"node_modules/@demo/package-43":{"version":"1.3.1","resolved":"https://registry.npmjs.org/@demo/package-43/-/package-43-1.3.1.tgz","integrity":"sha512-demo0043contextdoctorfixture","license":"MIT"},"node_modules/@demo/package-44":{"version":"1.4.2","resolved":"https://registry.npmjs.org/@demo/package-44/-/package-44-1.4.2.tgz","integrity":"sha512-demo0044contextdoctorfixture","license":"MIT"},"node_modules/@demo/package-45":{"version":"1.5.3","resolved":"https://registry.npmjs.org/@demo/package-45/-/package-45-1.5.3.tgz","integrity":"sha512-demo0045contextdoctorfixture","license":"MIT"},"node_modules/@demo/package-46":{"version":"1.6.4","resolved":"https://registry.npmjs.org/@demo/package-46/-/package-46-1.6.4.tgz","integrity":"sha512-demo0046contextdoctorfixture","license":"MIT"},"node_modules/@demo/package-47":{"version":"1.7.5","resolved":"https://registry.npmjs.org/@demo/package-47/-/package-47-1.7.5.tgz","integrity":"sha512-demo0047contextdoctorfixture","license":"MIT"},"node_modules/@demo/package-48":{"version":"1.8.6","resolved":"https://registry.npmjs.org/@demo/package-48/-/package-48-1.8.6.tgz","integrity":"sha512-demo0048contextdoctorfixture","license":"MIT"},"node_modules/@demo/package-49":{"version":"1.9.0","resolved":"https://registry.npmjs.org/@demo/package-49/-/package-49-1.9.0.tgz","integrity":"sha512-demo0049contextdoctorfixture","license":"MIT"},"node_modules/@demo/package-50":{"version":"1.0.1","resolved":"https://registry.npmjs.org/@demo/package-50/-/package-50-1.0.1.tgz","integrity":"sha512-demo0050contextdoctorfixture","license":"MIT"},"node_modules/@demo/package-51":{"version":"1.1.2","resolved":"https://registry.npmjs.org/@demo/package-51/-/package-51-1.1.2.tgz","integrity":"sha512-demo0051contextdoctorfixture","license":"MIT"},"node_modules/@demo/package-52":{"version":"1.2.3","resolved":"https://registry.npmjs.org/@demo/package-52/-/package-52-1.2.3.tgz","integrity":"sha512-demo0052contextdoctorfixture","license":"MIT"},"node_modules/@demo/package-53":{"version":"1.3.4","resolved":"https://registry.npmjs.org/@demo/package-53/-/package-53-1.3.4.tgz","integrity":"sha512-demo0053contextdoctorfixture","license":"MIT"},"node_modules/@demo/package-54":{"version":"1.4.5","resolved":"https://registry.npmjs.org/@demo/package-54/-/package-54-1.4.5.tgz","integrity":"sha512-demo0054contextdoctorfixture","license":"MIT"},"node_modules/@demo/package-55":{"version":"1.5.6","resolved":"https://registry.npmjs.org/@demo/package-55/-/package-55-1.5.6.tgz","integrity":"sha512-demo0055contextdoctorfixture","license":"MIT"},"node_modules/@demo/package-56":{"version":"1.6.0","resolved":"https://registry.npmjs.org/@demo/package-56/-/package-56-1.6.0.tgz","integrity":"sha512-demo0056contextdoctorfixture","license":"MIT"},"node_modules/@demo/package-57":{"version":"1.7.1","resolved":"https://registry.npmjs.org/@demo/package-57/-/package-57-1.7.1.tgz","integrity":"sha512-demo0057contextdoctorfixture","license":"MIT"},"node_modules/@demo/package-58":{"version":"1.8.2","resolved":"https://registry.npmjs.org/@demo/package-58/-/package-58-1.8.2.tgz","integrity":"sha512-demo0058contextdoctorfixture","license":"MIT"},"node_modules/@demo/package-59":{"version":"1.9.3","resolved":"https://registry.npmjs.org/@demo/package-59/-/package-59-1.9.3.tgz","integrity":"sha512-demo0059contextdoctorfixture","license":"MIT"},"node_modules/@demo/package-60":{"version":"1.0.4","resolved":"https://registry.npmjs.org/@demo/package-60/-/package-60-1.0.4.tgz","integrity":"sha512-demo0060contextdoctorfixture","license":"MIT"},"node_modules/@demo/package-61":{"version":"1.1.5","resolved":"https://registry.npmjs.org/@demo/package-61/-/package-61-1.1.5.tgz","integrity":"sha512-demo0061contextdoctorfixture","license":"MIT"},"node_modules/@demo/package-62":{"version":"1.2.6","resolved":"https://registry.npmjs.org/@demo/package-62/-/package-62-1.2.6.tgz","integrity":"sha512-demo0062contextdoctorfixture","license":"MIT"},"node_modules/@demo/package-63":{"version":"1.3.0","resolved":"https://registry.npmjs.org/@demo/package-63/-/package-63-1.3.0.tgz","integrity":"sha512-demo0063contextdoctorfixture","license":"MIT"},"node_modules/@demo/package-64":{"version":"1.4.1","resolved":"https://registry.npmjs.org/@demo/package-64/-/package-64-1.4.1.tgz","integrity":"sha512-demo0064contextdoctorfixture","license":"MIT"},"node_modules/@demo/package-65":{"version":"1.5.2","resolved":"https://registry.npmjs.org/@demo/package-65/-/package-65-1.5.2.tgz","integrity":"sha512-demo0065contextdoctorfixture","license":"MIT"},"node_modules/@demo/package-66":{"version":"1.6.3","resolved":"https://registry.npmjs.org/@demo/package-66/-/package-66-1.6.3.tgz","integrity":"sha512-demo0066contextdoctorfixture","license":"MIT"},"node_modules/@demo/package-67":{"version":"1.7.4","resolved":"https://registry.npmjs.org/@demo/package-67/-/package-67-1.7.4.tgz","integrity":"sha512-demo0067contextdoctorfixture","license":"MIT"},"node_modules/@demo/package-68":{"version":"1.8.5","resolved":"https://registry.npmjs.org/@demo/package-68/-/package-68-1.8.5.tgz","integrity":"sha512-demo0068contextdoctorfixture","license":"MIT"},"node_modules/@demo/package-69":{"version":"1.9.6","resolved":"https://registry.npmjs.org/@demo/package-69/-/package-69-1.9.6.tgz","integrity":"sha512-demo0069contextdoctorfixture","license":"MIT"},"node_modules/@demo/package-70":{"version":"1.0.0","resolved":"https://registry.npmjs.org/@demo/package-70/-/package-70-1.0.0.tgz","integrity":"sha512-demo0070contextdoctorfixture","license":"MIT"},"node_modules/@demo/package-71":{"version":"1.1.1","resolved":"https://registry.npmjs.org/@demo/package-71/-/package-71-1.1.1.tgz","integrity":"sha512-demo0071contextdoctorfixture","license":"MIT"},"node_modules/@demo/package-72":{"version":"1.2.2","resolved":"https://registry.npmjs.org/@demo/package-72/-/package-72-1.2.2.tgz","integrity":"sha512-demo0072contextdoctorfixture","license":"MIT"},"node_modules/@demo/package-73":{"version":"1.3.3","resolved":"https://registry.npmjs.org/@demo/package-73/-/package-73-1.3.3.tgz","integrity":"sha512-demo0073contextdoctorfixture","license":"MIT"},"node_modules/@demo/package-74":{"version":"1.4.4","resolved":"https://registry.npmjs.org/@demo/package-74/-/package-74-1.4.4.tgz","integrity":"sha512-demo0074contextdoctorfixture","license":"MIT"},"node_modules/@demo/package-75":{"version":"1.5.5","resolved":"https://registry.npmjs.org/@demo/package-75/-/package-75-1.5.5.tgz","integrity":"sha512-demo0075contextdoctorfixture","license":"MIT"},"node_modules/@demo/package-76":{"version":"1.6.6","resolved":"https://registry.npmjs.org/@demo/package-76/-/package-76-1.6.6.tgz","integrity":"sha512-demo0076contextdoctorfixture","license":"MIT"},"node_modules/@demo/package-77":{"version":"1.7.0","resolved":"https://registry.npmjs.org/@demo/package-77/-/package-77-1.7.0.tgz","integrity":"sha512-demo0077contextdoctorfixture","license":"MIT"},"node_modules/@demo/package-78":{"version":"1.8.1","resolved":"https://registry.npmjs.org/@demo/package-78/-/package-78-1.8.1.tgz","integrity":"sha512-demo0078contextdoctorfixture","license":"MIT"},"node_modules/@demo/package-79":{"version":"1.9.2","resolved":"https://registry.npmjs.org/@demo/package-79/-/package-79-1.9.2.tgz","integrity":"sha512-demo0079contextdoctorfixture","license":"MIT"},"node_modules/@demo/package-80":{"version":"1.0.3","resolved":"https://registry.npmjs.org/@demo/package-80/-/package-80-1.0.3.tgz","integrity":"sha512-demo0080contextdoctorfixture","license":"MIT"},"node_modules/@demo/package-81":{"version":"1.1.4","resolved":"https://registry.npmjs.org/@demo/package-81/-/package-81-1.1.4.tgz","integrity":"sha512-demo0081contextdoctorfixture","license":"MIT"},"node_modules/@demo/package-82":{"version":"1.2.5","resolved":"https://registry.npmjs.org/@demo/package-82/-/package-82-1.2.5.tgz","integrity":"sha512-demo0082contextdoctorfixture","license":"MIT"},"node_modules/@demo/package-83":{"version":"1.3.6","resolved":"https://registry.npmjs.org/@demo/package-83/-/package-83-1.3.6.tgz","integrity":"sha512-demo0083contextdoctorfixture","license":"MIT"},"node_modules/@demo/package-84":{"version":"1.4.0","resolved":"https://registry.npmjs.org/@demo/package-84/-/package-84-1.4.0.tgz","integrity":"sha512-demo0084contextdoctorfixture","license":"MIT"},"node_modules/@demo/package-85":{"version":"1.5.1","resolved":"https://registry.npmjs.org/@demo/package-85/-/package-85-1.5.1.tgz","integrity":"sha512-demo0085contextdoctorfixture","license":"MIT"},"node_modules/@demo/package-86":{"version":"1.6.2","resolved":"https://registry.npmjs.org/@demo/package-86/-/package-86-1.6.2.tgz","integrity":"sha512-demo0086contextdoctorfixture","license":"MIT"},"node_modules/@demo/package-87":{"version":"1.7.3","resolved":"https://registry.npmjs.org/@demo/package-87/-/package-87-1.7.3.tgz","integrity":"sha512-demo0087contextdoctorfixture","license":"MIT"},"node_modules/@demo/package-88":{"version":"1.8.4","resolved":"https://registry.npmjs.org/@demo/package-88/-/package-88-1.8.4.tgz","integrity":"sha512-demo0088contextdoctorfixture","license":"MIT"},"node_modules/@demo/package-89":{"version":"1.9.5","resolved":"https://registry.npmjs.org/@demo/package-89/-/package-89-1.9.5.tgz","integrity":"sha512-demo0089contextdoctorfixture","license":"MIT"},"node_modules/@demo/package-90":{"version":"1.0.6","resolved":"https://registry.npmjs.org/@demo/package-90/-/package-90-1.0.6.tgz","integrity":"sha512-demo0090contextdoctorfixture","license":"MIT"},"node_modules/@demo/package-91":{"version":"1.1.0","resolved":"https://registry.npmjs.org/@demo/package-91/-/package-91-1.1.0.tgz","integrity":"sha512-demo0091contextdoctorfixture","license":"MIT"},"node_modules/@demo/package-92":{"version":"1.2.1","resolved":"https://registry.npmjs.org/@demo/package-92/-/package-92-1.2.1.tgz","integrity":"sha512-demo0092contextdoctorfixture","license":"MIT"},"node_modules/@demo/package-93":{"version":"1.3.2","resolved":"https://registry.npmjs.org/@demo/package-93/-/package-93-1.3.2.tgz","integrity":"sha512-demo0093contextdoctorfixture","license":"MIT"},"node_modules/@demo/package-94":{"version":"1.4.3","resolved":"https://registry.npmjs.org/@demo/package-94/-/package-94-1.4.3.tgz","integrity":"sha512-demo0094contextdoctorfixture","license":"MIT"},"node_modules/@demo/package-95":{"version":"1.5.4","resolved":"https://registry.npmjs.org/@demo/package-95/-/package-95-1.5.4.tgz","integrity":"sha512-demo0095contextdoctorfixture","license":"MIT"},"node_modules/@demo/package-96":{"version":"1.6.5","resolved":"https://registry.npmjs.org/@demo/package-96/-/package-96-1.6.5.tgz","integrity":"sha512-demo0096contextdoctorfixture","license":"MIT"},"node_modules/@demo/package-97":{"version":"1.7.6","resolved":"https://registry.npmjs.org/@demo/package-97/-/package-97-1.7.6.tgz","integrity":"sha512-demo0097contextdoctorfixture","license":"MIT"},"node_modules/@demo/package-98":{"version":"1.8.0","resolved":"https://registry.npmjs.org/@demo/package-98/-/package-98-1.8.0.tgz","integrity":"sha512-demo0098contextdoctorfixture","license":"MIT"},"node_modules/@demo/package-99":{"version":"1.9.1","resolved":"https://registry.npmjs.org/@demo/package-99/-/package-99-1.9.1.tgz","integrity":"sha512-demo0099contextdoctorfixture","license":"MIT"},"node_modules/@demo/package-100":{"version":"1.0.2","resolved":"https://registry.npmjs.org/@demo/package-100/-/package-100-1.0.2.tgz","integrity":"sha512-demo0100contextdoctorfixture","license":"MIT"},"node_modules/@demo/package-101":{"version":"1.1.3","resolved":"https://registry.npmjs.org/@demo/package-101/-/package-101-1.1.3.tgz","integrity":"sha512-demo0101contextdoctorfixture","license":"MIT"},"node_modules/@demo/package-102":{"version":"1.2.4","resolved":"https://registry.npmjs.org/@demo/package-102/-/package-102-1.2.4.tgz","integrity":"sha512-demo0102contextdoctorfixture","license":"MIT"},"node_modules/@demo/package-103":{"version":"1.3.5","resolved":"https://registry.npmjs.org/@demo/package-103/-/package-103-1.3.5.tgz","integrity":"sha512-demo0103contextdoctorfixture","license":"MIT"},"node_modules/@demo/package-104":{"version":"1.4.6","resolved":"https://registry.npmjs.org/@demo/package-104/-/package-104-1.4.6.tgz","integrity":"sha512-demo0104contextdoctorfixture","license":"MIT"},"node_modules/@demo/package-105":{"version":"1.5.0","resolved":"https://registry.npmjs.org/@demo/package-105/-/package-105-1.5.0.tgz","integrity":"sha512-demo0105contextdoctorfixture","license":"MIT"},"node_modules/@demo/package-106":{"version":"1.6.1","resolved":"https://registry.npmjs.org/@demo/package-106/-/package-106-1.6.1.tgz","integrity":"sha512-demo0106contextdoctorfixture","license":"MIT"},"node_modules/@demo/package-107":{"version":"1.7.2","resolved":"https://registry.npmjs.org/@demo/package-107/-/package-107-1.7.2.tgz","integrity":"sha512-demo0107contextdoctorfixture","license":"MIT"},"node_modules/@demo/package-108":{"version":"1.8.3","resolved":"https://registry.npmjs.org/@demo/package-108/-/package-108-1.8.3.tgz","integrity":"sha512-demo0108contextdoctorfixture","license":"MIT"},"node_modules/@demo/package-109":{"version":"1.9.4","resolved":"https://registry.npmjs.org/@demo/package-109/-/package-109-1.9.4.tgz","integrity":"sha512-demo0109contextdoctorfixture","license":"MIT"},"node_modules/@demo/package-110":{"version":"1.0.5","resolved":"https://registry.npmjs.org/@demo/package-110/-/package-110-1.0.5.tgz","integrity":"sha512-demo0110contextdoctorfixture","license":"MIT"},"node_modules/@demo/package-111":{"version":"1.1.6","resolved":"https://registry.npmjs.org/@demo/package-111/-/package-111-1.1.6.tgz","integrity":"sha512-demo0111contextdoctorfixture","license":"MIT"},"node_modules/@demo/package-112":{"version":"1.2.0","resolved":"https://registry.npmjs.org/@demo/package-112/-/package-112-1.2.0.tgz","integrity":"sha512-demo0112contextdoctorfixture","license":"MIT"},"node_modules/@demo/package-113":{"version":"1.3.1","resolved":"https://registry.npmjs.org/@demo/package-113/-/package-113-1.3.1.tgz","integrity":"sha512-demo0113contextdoctorfixture","license":"MIT"},"node_modules/@demo/package-114":{"version":"1.4.2","resolved":"https://registry.npmjs.org/@demo/package-114/-/package-114-1.4.2.tgz","integrity":"sha512-demo0114contextdoctorfixture","license":"MIT"},"node_modules/@demo/package-115":{"version":"1.5.3","resolved":"https://registry.npmjs.org/@demo/package-115/-/package-115-1.5.3.tgz","integrity":"sha512-demo0115contextdoctorfixture","license":"MIT"},"node_modules/@demo/package-116":{"version":"1.6.4","resolved":"https://registry.npmjs.org/@demo/package-116/-/package-116-1.6.4.tgz","integrity":"sha512-demo0116contextdoctorfixture","license":"MIT"},"node_modules/@demo/package-117":{"version":"1.7.5","resolved":"https://registry.npmjs.org/@demo/package-117/-/package-117-1.7.5.tgz","integrity":"sha512-demo0117contextdoctorfixture","license":"MIT"},"node_modules/@demo/package-118":{"version":"1.8.6","resolved":"https://registry.npmjs.org/@demo/package-118/-/package-118-1.8.6.tgz","integrity":"sha512-demo0118contextdoctorfixture","license":"MIT"},"node_modules/@demo/package-119":{"version":"1.9.0","resolved":"https://registry.npmjs.org/@demo/package-119/-/package-119-1.9.0.tgz","integrity":"sha512-demo0119contextdoctorfixture","license":"MIT"},"node_modules/@demo/package-120":{"version":"1.0.1","resolved":"https://registry.npmjs.org/@demo/package-120/-/package-120-1.0.1.tgz","integrity":"sha512-demo0120contextdoctorfixture","license":"MIT"},"node_modules/@demo/package-121":{"version":"1.1.2","resolved":"https://registry.npmjs.org/@demo/package-121/-/package-121-1.1.2.tgz","integrity":"sha512-demo0121contextdoctorfixture","license":"MIT"},"node_modules/@demo/package-122":{"version":"1.2.3","resolved":"https://registry.npmjs.org/@demo/package-122/-/package-122-1.2.3.tgz","integrity":"sha512-demo0122contextdoctorfixture","license":"MIT"},"node_modules/@demo/package-123":{"version":"1.3.4","resolved":"https://registry.npmjs.org/@demo/package-123/-/package-123-1.3.4.tgz","integrity":"sha512-demo0123contextdoctorfixture","license":"MIT"},"node_modules/@demo/package-124":{"version":"1.4.5","resolved":"https://registry.npmjs.org/@demo/package-124/-/package-124-1.4.5.tgz","integrity":"sha512-demo0124contextdoctorfixture","license":"MIT"},"node_modules/@demo/package-125":{"version":"1.5.6","resolved":"https://registry.npmjs.org/@demo/package-125/-/package-125-1.5.6.tgz","integrity":"sha512-demo0125contextdoctorfixture","license":"MIT"},"node_modules/@demo/package-126":{"version":"1.6.0","resolved":"https://registry.npmjs.org/@demo/package-126/-/package-126-1.6.0.tgz","integrity":"sha512-demo0126contextdoctorfixture","license":"MIT"},"node_modules/@demo/package-127":{"version":"1.7.1","resolved":"https://registry.npmjs.org/@demo/package-127/-/package-127-1.7.1.tgz","integrity":"sha512-demo0127contextdoctorfixture","license":"MIT"},"node_modules/@demo/package-128":{"version":"1.8.2","resolved":"https://registry.npmjs.org/@demo/package-128/-/package-128-1.8.2.tgz","integrity":"sha512-demo0128contextdoctorfixture","license":"MIT"},"node_modules/@demo/package-129":{"version":"1.9.3","resolved":"https://registry.npmjs.org/@demo/package-129/-/package-129-1.9.3.tgz","integrity":"sha512-demo0129contextdoctorfixture","license":"MIT"},"node_modules/@demo/package-130":{"version":"1.0.4","resolved":"https://registry.npmjs.org/@demo/package-130/-/package-130-1.0.4.tgz","integrity":"sha512-demo0130contextdoctorfixture","license":"MIT"},"node_modules/@demo/package-131":{"version":"1.1.5","resolved":"https://registry.npmjs.org/@demo/package-131/-/package-131-1.1.5.tgz","integrity":"sha512-demo0131contextdoctorfixture","license":"MIT"},"node_modules/@demo/package-132":{"version":"1.2.6","resolved":"https://registry.npmjs.org/@demo/package-132/-/package-132-1.2.6.tgz","integrity":"sha512-demo0132contextdoctorfixture","license":"MIT"},"node_modules/@demo/package-133":{"version":"1.3.0","resolved":"https://registry.npmjs.org/@demo/package-133/-/package-133-1.3.0.tgz","integrity":"sha512-demo0133contextdoctorfixture","license":"MIT"},"node_modules/@demo/package-134":{"version":"1.4.1","resolved":"https://registry.npmjs.org/@demo/package-134/-/package-134-1.4.1.tgz","integrity":"sha512-demo0134contextdoctorfixture","license":"MIT"},"node_modules/@demo/package-135":{"version":"1.5.2","resolved":"https://registry.npmjs.org/@demo/package-135/-/package-135-1.5.2.tgz","integrity":"sha512-demo0135contextdoctorfixture","license":"MIT"},"node_modules/@demo/package-136":{"version":"1.6.3","resolved":"https://registry.npmjs.org/@demo/package-136/-/package-136-1.6.3.tgz","integrity":"sha512-demo0136contextdoctorfixture","license":"MIT"},"node_modules/@demo/package-137":{"version":"1.7.4","resolved":"https://registry.npmjs.org/@demo/package-137/-/package-137-1.7.4.tgz","integrity":"sha512-demo0137contextdoctorfixture","license":"MIT"},"node_modules/@demo/package-138":{"version":"1.8.5","resolved":"https://registry.npmjs.org/@demo/package-138/-/package-138-1.8.5.tgz","integrity":"sha512-demo0138contextdoctorfixture","license":"MIT"},"node_modules/@demo/package-139":{"version":"1.9.6","resolved":"https://registry.npmjs.org/@demo/package-139/-/package-139-1.9.6.tgz","integrity":"sha512-demo0139contextdoctorfixture","license":"MIT"},"node_modules/@demo/package-140":{"version":"1.0.0","resolved":"https://registry.npmjs.org/@demo/package-140/-/package-140-1.0.0.tgz","integrity":"sha512-demo0140contextdoctorfixture","license":"MIT"},"node_modules/@demo/package-141":{"version":"1.1.1","resolved":"https://registry.npmjs.org/@demo/package-141/-/package-141-1.1.1.tgz","integrity":"sha512-demo0141contextdoctorfixture","license":"MIT"},"node_modules/@demo/package-142":{"version":"1.2.2","resolved":"https://registry.npmjs.org/@demo/package-142/-/package-142-1.2.2.tgz","integrity":"sha512-demo0142contextdoctorfixture","license":"MIT"},"node_modules/@demo/package-143":{"version":"1.3.3","resolved":"https://registry.npmjs.org/@demo/package-143/-/package-143-1.3.3.tgz","integrity":"sha512-demo0143contextdoctorfixture","license":"MIT"},"node_modules/@demo/package-144":{"version":"1.4.4","resolved":"https://registry.npmjs.org/@demo/package-144/-/package-144-1.4.4.tgz","integrity":"sha512-demo0144contextdoctorfixture","license":"MIT"},"node_modules/@demo/package-145":{"version":"1.5.5","resolved":"https://registry.npmjs.org/@demo/package-145/-/package-145-1.5.5.tgz","integrity":"sha512-demo0145contextdoctorfixture","license":"MIT"},"node_modules/@demo/package-146":{"version":"1.6.6","resolved":"https://registry.npmjs.org/@demo/package-146/-/package-146-1.6.6.tgz","integrity":"sha512-demo0146contextdoctorfixture","license":"MIT"},"node_modules/@demo/package-147":{"version":"1.7.0","resolved":"https://registry.npmjs.org/@demo/package-147/-/package-147-1.7.0.tgz","integrity":"sha512-demo0147contextdoctorfixture","license":"MIT"},"node_modules/@demo/package-148":{"version":"1.8.1","resolved":"https://registry.npmjs.org/@demo/package-148/-/package-148-1.8.1.tgz","integrity":"sha512-demo0148contextdoctorfixture","license":"MIT"},"node_modules/@demo/package-149":{"version":"1.9.2","resolved":"https://registry.npmjs.org/@demo/package-149/-/package-149-1.9.2.tgz","integrity":"sha512-demo0149contextdoctorfixture","license":"MIT"},"node_modules/@demo/package-150":{"version":"1.0.3","resolved":"https://registry.npmjs.org/@demo/package-150/-/package-150-1.0.3.tgz","integrity":"sha512-demo0150contextdoctorfixture","license":"MIT"},"node_modules/@demo/package-151":{"version":"1.1.4","resolved":"https://registry.npmjs.org/@demo/package-151/-/package-151-1.1.4.tgz","integrity":"sha512-demo0151contextdoctorfixture","license":"MIT"},"node_modules/@demo/package-152":{"version":"1.2.5","resolved":"https://registry.npmjs.org/@demo/package-152/-/package-152-1.2.5.tgz","integrity":"sha512-demo0152contextdoctorfixture","license":"MIT"},"node_modules/@demo/package-153":{"version":"1.3.6","resolved":"https://registry.npmjs.org/@demo/package-153/-/package-153-1.3.6.tgz","integrity":"sha512-demo0153contextdoctorfixture","license":"MIT"},"node_modules/@demo/package-154":{"version":"1.4.0","resolved":"https://registry.npmjs.org/@demo/package-154/-/package-154-1.4.0.tgz","integrity":"sha512-demo0154contextdoctorfixture","license":"MIT"},"node_modules/@demo/package-155":{"version":"1.5.1","resolved":"https://registry.npmjs.org/@demo/package-155/-/package-155-1.5.1.tgz","integrity":"sha512-demo0155contextdoctorfixture","license":"MIT"},"node_modules/@demo/package-156":{"version":"1.6.2","resolved":"https://registry.npmjs.org/@demo/package-156/-/package-156-1.6.2.tgz","integrity":"sha512-demo0156contextdoctorfixture","license":"MIT"},"node_modules/@demo/package-157":{"version":"1.7.3","resolved":"https://registry.npmjs.org/@demo/package-157/-/package-157-1.7.3.tgz","integrity":"sha512-demo0157contextdoctorfixture","license":"MIT"},"node_modules/@demo/package-158":{"version":"1.8.4","resolved":"https://registry.npmjs.org/@demo/package-158/-/package-158-1.8.4.tgz","integrity":"sha512-demo0158contextdoctorfixture","license":"MIT"},"node_modules/@demo/package-159":{"version":"1.9.5","resolved":"https://registry.npmjs.org/@demo/package-159/-/package-159-1.9.5.tgz","integrity":"sha512-demo0159contextdoctorfixture","license":"MIT"},"node_modules/@demo/package-160":{"version":"1.0.6","resolved":"https://registry.npmjs.org/@demo/package-160/-/package-160-1.0.6.tgz","integrity":"sha512-demo0160contextdoctorfixture","license":"MIT"},"node_modules/@demo/package-161":{"version":"1.1.0","resolved":"https://registry.npmjs.org/@demo/package-161/-/package-161-1.1.0.tgz","integrity":"sha512-demo0161contextdoctorfixture","license":"MIT"},"node_modules/@demo/package-162":{"version":"1.2.1","resolved":"https://registry.npmjs.org/@demo/package-162/-/package-162-1.2.1.tgz","integrity":"sha512-demo0162contextdoctorfixture","license":"MIT"},"node_modules/@demo/package-163":{"version":"1.3.2","resolved":"https://registry.npmjs.org/@demo/package-163/-/package-163-1.3.2.tgz","integrity":"sha512-demo0163contextdoctorfixture","license":"MIT"},"node_modules/@demo/package-164":{"version":"1.4.3","resolved":"https://registry.npmjs.org/@demo/package-164/-/package-164-1.4.3.tgz","integrity":"sha512-demo0164contextdoctorfixture","license":"MIT"},"node_modules/@demo/package-165":{"version":"1.5.4","resolved":"https://registry.npmjs.org/@demo/package-165/-/package-165-1.5.4.tgz","integrity":"sha512-demo0165contextdoctorfixture","license":"MIT"},"node_modules/@demo/package-166":{"version":"1.6.5","resolved":"https://registry.npmjs.org/@demo/package-166/-/package-166-1.6.5.tgz","integrity":"sha512-demo0166contextdoctorfixture","license":"MIT"},"node_modules/@demo/package-167":{"version":"1.7.6","resolved":"https://registry.npmjs.org/@demo/package-167/-/package-167-1.7.6.tgz","integrity":"sha512-demo0167contextdoctorfixture","license":"MIT"},"node_modules/@demo/package-168":{"version":"1.8.0","resolved":"https://registry.npmjs.org/@demo/package-168/-/package-168-1.8.0.tgz","integrity":"sha512-demo0168contextdoctorfixture","license":"MIT"},"node_modules/@demo/package-169":{"version":"1.9.1","resolved":"https://registry.npmjs.org/@demo/package-169/-/package-169-1.9.1.tgz","integrity":"sha512-demo0169contextdoctorfixture","license":"MIT"},"node_modules/@demo/package-170":{"version":"1.0.2","resolved":"https://registry.npmjs.org/@demo/package-170/-/package-170-1.0.2.tgz","integrity":"sha512-demo0170contextdoctorfixture","license":"MIT"},"node_modules/@demo/package-171":{"version":"1.1.3","resolved":"https://registry.npmjs.org/@demo/package-171/-/package-171-1.1.3.tgz","integrity":"sha512-demo0171contextdoctorfixture","license":"MIT"},"node_modules/@demo/package-172":{"version":"1.2.4","resolved":"https://registry.npmjs.org/@demo/package-172/-/package-172-1.2.4.tgz","integrity":"sha512-demo0172contextdoctorfixture","license":"MIT"},"node_modules/@demo/package-173":{"version":"1.3.5","resolved":"https://registry.npmjs.org/@demo/package-173/-/package-173-1.3.5.tgz","integrity":"sha512-demo0173contextdoctorfixture","license":"MIT"},"node_modules/@demo/package-174":{"version":"1.4.6","resolved":"https://registry.npmjs.org/@demo/package-174/-/package-174-1.4.6.tgz","integrity":"sha512-demo0174contextdoctorfixture","license":"MIT"},"node_modules/@demo/package-175":{"version":"1.5.0","resolved":"https://registry.npmjs.org/@demo/package-175/-/package-175-1.5.0.tgz","integrity":"sha512-demo0175contextdoctorfixture","license":"MIT"},"node_modules/@demo/package-176":{"version":"1.6.1","resolved":"https://registry.npmjs.org/@demo/package-176/-/package-176-1.6.1.tgz","integrity":"sha512-demo0176contextdoctorfixture","license":"MIT"},"node_modules/@demo/package-177":{"version":"1.7.2","resolved":"https://registry.npmjs.org/@demo/package-177/-/package-177-1.7.2.tgz","integrity":"sha512-demo0177contextdoctorfixture","license":"MIT"},"node_modules/@demo/package-178":{"version":"1.8.3","resolved":"https://registry.npmjs.org/@demo/package-178/-/package-178-1.8.3.tgz","integrity":"sha512-demo0178contextdoctorfixture","license":"MIT"},"node_modules/@demo/package-179":{"version":"1.9.4","resolved":"https://registry.npmjs.org/@demo/package-179/-/package-179-1.9.4.tgz","integrity":"sha512-demo0179contextdoctorfixture","license":"MIT"}}}
